
Microsoft Visual Studio Solution File, Format Version 12.00
# Visual Studio Version 16
VisualStudioVersion = 16.0.29306.81
MinimumVisualStudioVersion = 10.0.40219.1
Project("{FAE04EC0-301F-11D3-BF4B-00C04F79EFBC}") = "Ejercicio3Tema3", "Ejercicio3Tema3\Ejercicio3Tema3.csproj", "{183BE06E-8653-45FE-A206-62EC5831A0EC}"
EndProject
Project("{2150E333-8FDC-42A3-9474-1A3956D46DE8}") = "Solution Items", "Solution Items", "{6A6CED98-8BE0-4D83-BBC0-58DADAB2B658}"
EndProject
Global
	GlobalSection(SolutionConfigurationPlatforms) = preSolution
		Debug|Any CPU = Debug|Any CPU
		Release|Any CPU = Release|Any CPU
	EndGlobalSection
	GlobalSection(ProjectConfigurationPlatforms) = postSolution
		{183BE06E-8653-45FE-A206-62EC5831A0EC}.Debug|Any CPU.ActiveCfg = Debug|Any CPU
		{183BE06E-8653-45FE-A206-62EC5831A0EC}.Debug|Any CPU.Build.0 = Debug|Any CPU
		{183BE06E-8653-45FE-A206-62EC5831A0EC}.Release|Any CPU.ActiveCfg = Release|Any CPU
		{183BE06E-8653-45FE-A206-62EC5831A0EC}.Release|Any CPU.Build.0 = Release|Any CPU
	EndGlobalSection
	GlobalSection(SolutionProperties) = preSolution
		HideSolutionNode = FALSE
	EndGlobalSection
	GlobalSection(ExtensibilityGlobals) = postSolution
		SolutionGuid = {462676CE-A617-4F54-9D9F-4C4984F710F3}
	EndGlobalSection
EndGlobal
