
Microsoft Visual Studio Solution File, Format Version 12.00
# Visual Studio Version 16
VisualStudioVersion = 16.0.29306.81
MinimumVisualStudioVersion = 10.0.40219.1
Project("{FAE04EC0-301F-11D3-BF4B-00C04F79EFBC}") = "ValidateTextBox", "ValidateTextBox\ValidateTextBox.csproj", "{2D761532-8E37-44ED-AEFF-4402CC9FA9B7}"
EndProject
Project("{FAE04EC0-301F-11D3-BF4B-00C04F79EFBC}") = "PruebaValidateTextBox", "PruebaValidateTextBox\PruebaValidateTextBox.csproj", "{7A147FB7-526A-45E8-AD4C-84F1B8E1F9D3}"
EndProject
Global
	GlobalSection(SolutionConfigurationPlatforms) = preSolution
		Debug|Any CPU = Debug|Any CPU
		Release|Any CPU = Release|Any CPU
	EndGlobalSection
	GlobalSection(ProjectConfigurationPlatforms) = postSolution
		{2D761532-8E37-44ED-AEFF-4402CC9FA9B7}.Debug|Any CPU.ActiveCfg = Debug|Any CPU
		{2D761532-8E37-44ED-AEFF-4402CC9FA9B7}.Debug|Any CPU.Build.0 = Debug|Any CPU
		{2D761532-8E37-44ED-AEFF-4402CC9FA9B7}.Release|Any CPU.ActiveCfg = Release|Any CPU
		{2D761532-8E37-44ED-AEFF-4402CC9FA9B7}.Release|Any CPU.Build.0 = Release|Any CPU
		{7A147FB7-526A-45E8-AD4C-84F1B8E1F9D3}.Debug|Any CPU.ActiveCfg = Debug|Any CPU
		{7A147FB7-526A-45E8-AD4C-84F1B8E1F9D3}.Debug|Any CPU.Build.0 = Debug|Any CPU
		{7A147FB7-526A-45E8-AD4C-84F1B8E1F9D3}.Release|Any CPU.ActiveCfg = Release|Any CPU
		{7A147FB7-526A-45E8-AD4C-84F1B8E1F9D3}.Release|Any CPU.Build.0 = Release|Any CPU
	EndGlobalSection
	GlobalSection(SolutionProperties) = preSolution
		HideSolutionNode = FALSE
	EndGlobalSection
	GlobalSection(ExtensibilityGlobals) = postSolution
		SolutionGuid = {D021057C-DD40-4280-8C43-B39EF7E221FD}
	EndGlobalSection
EndGlobal
