
Microsoft Visual Studio Solution File, Format Version 12.00
# Visual Studio Version 16
VisualStudioVersion = 16.0.29306.81
MinimumVisualStudioVersion = 10.0.40219.1
Project("{FAE04EC0-301F-11D3-BF4B-00C04F79EFBC}") = "Ejercicio4Servidores", "Ejercicio4Servidores\Ejercicio4Servidores.csproj", "{2FBCF375-E29E-4908-A5C5-ABAF1008386A}"
EndProject
Project("{FAE04EC0-301F-11D3-BF4B-00C04F79EFBC}") = "Ejercicio4Cliente", "Ejercicio4Cliente\Ejercicio4Cliente.csproj", "{EAFC0BFE-ADCB-4CBF-B080-B87E1FE21DB1}"
EndProject
Project("{FAE04EC0-301F-11D3-BF4B-00C04F79EFBC}") = "DibujoAhorcado", "DibujoAhorcado\DibujoAhorcado.csproj", "{EEF1D862-A5D7-4180-9284-DDDA22C150B0}"
EndProject
Global
	GlobalSection(SolutionConfigurationPlatforms) = preSolution
		Debug|Any CPU = Debug|Any CPU
		Release|Any CPU = Release|Any CPU
	EndGlobalSection
	GlobalSection(ProjectConfigurationPlatforms) = postSolution
		{2FBCF375-E29E-4908-A5C5-ABAF1008386A}.Debug|Any CPU.ActiveCfg = Debug|Any CPU
		{2FBCF375-E29E-4908-A5C5-ABAF1008386A}.Debug|Any CPU.Build.0 = Debug|Any CPU
		{2FBCF375-E29E-4908-A5C5-ABAF1008386A}.Release|Any CPU.ActiveCfg = Release|Any CPU
		{2FBCF375-E29E-4908-A5C5-ABAF1008386A}.Release|Any CPU.Build.0 = Release|Any CPU
		{EAFC0BFE-ADCB-4CBF-B080-B87E1FE21DB1}.Debug|Any CPU.ActiveCfg = Debug|Any CPU
		{EAFC0BFE-ADCB-4CBF-B080-B87E1FE21DB1}.Debug|Any CPU.Build.0 = Debug|Any CPU
		{EAFC0BFE-ADCB-4CBF-B080-B87E1FE21DB1}.Release|Any CPU.ActiveCfg = Release|Any CPU
		{EAFC0BFE-ADCB-4CBF-B080-B87E1FE21DB1}.Release|Any CPU.Build.0 = Release|Any CPU
		{EEF1D862-A5D7-4180-9284-DDDA22C150B0}.Debug|Any CPU.ActiveCfg = Debug|Any CPU
		{EEF1D862-A5D7-4180-9284-DDDA22C150B0}.Debug|Any CPU.Build.0 = Debug|Any CPU
		{EEF1D862-A5D7-4180-9284-DDDA22C150B0}.Release|Any CPU.ActiveCfg = Release|Any CPU
		{EEF1D862-A5D7-4180-9284-DDDA22C150B0}.Release|Any CPU.Build.0 = Release|Any CPU
	EndGlobalSection
	GlobalSection(SolutionProperties) = preSolution
		HideSolutionNode = FALSE
	EndGlobalSection
	GlobalSection(ExtensibilityGlobals) = postSolution
		SolutionGuid = {39FBC4C4-CBA9-45A0-8C89-1D11A3ADC09B}
	EndGlobalSection
EndGlobal
