
Microsoft Visual Studio Solution File, Format Version 12.00
# Visual Studio Version 16
VisualStudioVersion = 16.0.29306.81
MinimumVisualStudioVersion = 10.0.40219.1
Project("{FAE04EC0-301F-11D3-BF4B-00C04F79EFBC}") = "Ejercicio6Tema4(Forms)", "Ejercicio6Tema4(Forms)\Ejercicio6Tema4(Forms).csproj", "{69BD5205-9EEB-40C7-B907-D9DC54FFACD8}"
EndProject
Global
	GlobalSection(SolutionConfigurationPlatforms) = preSolution
		Debug|Any CPU = Debug|Any CPU
		Release|Any CPU = Release|Any CPU
	EndGlobalSection
	GlobalSection(ProjectConfigurationPlatforms) = postSolution
		{69BD5205-9EEB-40C7-B907-D9DC54FFACD8}.Debug|Any CPU.ActiveCfg = Debug|Any CPU
		{69BD5205-9EEB-40C7-B907-D9DC54FFACD8}.Debug|Any CPU.Build.0 = Debug|Any CPU
		{69BD5205-9EEB-40C7-B907-D9DC54FFACD8}.Release|Any CPU.ActiveCfg = Release|Any CPU
		{69BD5205-9EEB-40C7-B907-D9DC54FFACD8}.Release|Any CPU.Build.0 = Release|Any CPU
	EndGlobalSection
	GlobalSection(SolutionProperties) = preSolution
		HideSolutionNode = FALSE
	EndGlobalSection
	GlobalSection(ExtensibilityGlobals) = postSolution
		SolutionGuid = {907E05B3-F2B3-427F-9DA4-A089DB24F7E4}
	EndGlobalSection
EndGlobal
