
Microsoft Visual Studio Solution File, Format Version 12.00
# Visual Studio Version 16
VisualStudioVersion = 16.0.29306.81
MinimumVisualStudioVersion = 10.0.40219.1
Project("{FAE04EC0-301F-11D3-BF4B-00C04F79EFBC}") = "Ejercicio 4 Tema 1", "Ejercicio 4 Tema 1\Ejercicio 4 Tema 1.csproj", "{F7A93C34-9C31-4B54-9240-F60F235C0895}"
EndProject
Global
	GlobalSection(SolutionConfigurationPlatforms) = preSolution
		Debug|Any CPU = Debug|Any CPU
		Release|Any CPU = Release|Any CPU
	EndGlobalSection
	GlobalSection(ProjectConfigurationPlatforms) = postSolution
		{F7A93C34-9C31-4B54-9240-F60F235C0895}.Debug|Any CPU.ActiveCfg = Debug|Any CPU
		{F7A93C34-9C31-4B54-9240-F60F235C0895}.Debug|Any CPU.Build.0 = Debug|Any CPU
		{F7A93C34-9C31-4B54-9240-F60F235C0895}.Release|Any CPU.ActiveCfg = Release|Any CPU
		{F7A93C34-9C31-4B54-9240-F60F235C0895}.Release|Any CPU.Build.0 = Release|Any CPU
	EndGlobalSection
	GlobalSection(SolutionProperties) = preSolution
		HideSolutionNode = FALSE
	EndGlobalSection
	GlobalSection(ExtensibilityGlobals) = postSolution
		SolutionGuid = {EA6C7C66-7510-4EF0-8EFA-84D4AEF8F17D}
	EndGlobalSection
EndGlobal
