
Microsoft Visual Studio Solution File, Format Version 12.00
# Visual Studio Version 16
VisualStudioVersion = 16.0.29306.81
MinimumVisualStudioVersion = 10.0.40219.1
Project("{FAE04EC0-301F-11D3-BF4B-00C04F79EFBC}") = "Ejercico1Servidores", "Ejercico1Servidores\Ejercico1Servidores.csproj", "{957460D6-B70E-4F33-85C1-96B5E3FB622F}"
EndProject
Project("{FAE04EC0-301F-11D3-BF4B-00C04F79EFBC}") = "Ejercicio1Cliente", "Ejercicio1Cliente\Ejercicio1Cliente.csproj", "{915AA6AB-60F4-4196-9345-1696082ADBEA}"
EndProject
Global
	GlobalSection(SolutionConfigurationPlatforms) = preSolution
		Debug|Any CPU = Debug|Any CPU
		Release|Any CPU = Release|Any CPU
	EndGlobalSection
	GlobalSection(ProjectConfigurationPlatforms) = postSolution
		{957460D6-B70E-4F33-85C1-96B5E3FB622F}.Debug|Any CPU.ActiveCfg = Debug|Any CPU
		{957460D6-B70E-4F33-85C1-96B5E3FB622F}.Debug|Any CPU.Build.0 = Debug|Any CPU
		{957460D6-B70E-4F33-85C1-96B5E3FB622F}.Release|Any CPU.ActiveCfg = Release|Any CPU
		{957460D6-B70E-4F33-85C1-96B5E3FB622F}.Release|Any CPU.Build.0 = Release|Any CPU
		{915AA6AB-60F4-4196-9345-1696082ADBEA}.Debug|Any CPU.ActiveCfg = Debug|Any CPU
		{915AA6AB-60F4-4196-9345-1696082ADBEA}.Debug|Any CPU.Build.0 = Debug|Any CPU
		{915AA6AB-60F4-4196-9345-1696082ADBEA}.Release|Any CPU.ActiveCfg = Release|Any CPU
		{915AA6AB-60F4-4196-9345-1696082ADBEA}.Release|Any CPU.Build.0 = Release|Any CPU
	EndGlobalSection
	GlobalSection(SolutionProperties) = preSolution
		HideSolutionNode = FALSE
	EndGlobalSection
	GlobalSection(ExtensibilityGlobals) = postSolution
		SolutionGuid = {0CEB217B-3033-4DCE-9D0A-B041DBA1FBCA}
	EndGlobalSection
EndGlobal
