
Microsoft Visual Studio Solution File, Format Version 12.00
# Visual Studio Version 16
VisualStudioVersion = 16.0.29306.81
MinimumVisualStudioVersion = 10.0.40219.1
Project("{FAE04EC0-301F-11D3-BF4B-00C04F79EFBC}") = "Tema4(Form)Ejercicio3", "Tema4(Form)Ejercicio3\Tema4(Form)Ejercicio3.csproj", "{AE6149CD-3749-4C6D-820E-F220BE1DC165}"
EndProject
Global
	GlobalSection(SolutionConfigurationPlatforms) = preSolution
		Debug|Any CPU = Debug|Any CPU
		Release|Any CPU = Release|Any CPU
	EndGlobalSection
	GlobalSection(ProjectConfigurationPlatforms) = postSolution
		{AE6149CD-3749-4C6D-820E-F220BE1DC165}.Debug|Any CPU.ActiveCfg = Debug|Any CPU
		{AE6149CD-3749-4C6D-820E-F220BE1DC165}.Debug|Any CPU.Build.0 = Debug|Any CPU
		{AE6149CD-3749-4C6D-820E-F220BE1DC165}.Release|Any CPU.ActiveCfg = Release|Any CPU
		{AE6149CD-3749-4C6D-820E-F220BE1DC165}.Release|Any CPU.Build.0 = Release|Any CPU
	EndGlobalSection
	GlobalSection(SolutionProperties) = preSolution
		HideSolutionNode = FALSE
	EndGlobalSection
	GlobalSection(ExtensibilityGlobals) = postSolution
		SolutionGuid = {B033B29D-A277-40DD-B355-954821E15DE6}
	EndGlobalSection
EndGlobal
