
Microsoft Visual Studio Solution File, Format Version 12.00
# Visual Studio Version 16
VisualStudioVersion = 16.0.29306.81
MinimumVisualStudioVersion = 10.0.40219.1
Project("{FAE04EC0-301F-11D3-BF4B-00C04F79EFBC}") = "PracticaServ", "PracticaServ\PracticaServ.csproj", "{98F16DD8-D442-483F-965C-EDA0DAB20E47}"
EndProject
Project("{FAE04EC0-301F-11D3-BF4B-00C04F79EFBC}") = "PracticaCliente", "..\PracticaCliente\PracticaCliente\PracticaCliente.csproj", "{7594A69F-7727-4057-8311-2308AE254DCB}"
EndProject
Global
	GlobalSection(SolutionConfigurationPlatforms) = preSolution
		Debug|Any CPU = Debug|Any CPU
		Release|Any CPU = Release|Any CPU
	EndGlobalSection
	GlobalSection(ProjectConfigurationPlatforms) = postSolution
		{98F16DD8-D442-483F-965C-EDA0DAB20E47}.Debug|Any CPU.ActiveCfg = Debug|Any CPU
		{98F16DD8-D442-483F-965C-EDA0DAB20E47}.Debug|Any CPU.Build.0 = Debug|Any CPU
		{98F16DD8-D442-483F-965C-EDA0DAB20E47}.Release|Any CPU.ActiveCfg = Release|Any CPU
		{98F16DD8-D442-483F-965C-EDA0DAB20E47}.Release|Any CPU.Build.0 = Release|Any CPU
		{7594A69F-7727-4057-8311-2308AE254DCB}.Debug|Any CPU.ActiveCfg = Debug|Any CPU
		{7594A69F-7727-4057-8311-2308AE254DCB}.Debug|Any CPU.Build.0 = Debug|Any CPU
		{7594A69F-7727-4057-8311-2308AE254DCB}.Release|Any CPU.ActiveCfg = Release|Any CPU
		{7594A69F-7727-4057-8311-2308AE254DCB}.Release|Any CPU.Build.0 = Release|Any CPU
	EndGlobalSection
	GlobalSection(SolutionProperties) = preSolution
		HideSolutionNode = FALSE
	EndGlobalSection
	GlobalSection(ExtensibilityGlobals) = postSolution
		SolutionGuid = {F8EF13D3-4CFC-4A3D-878F-95934FC9C3D6}
	EndGlobalSection
EndGlobal
