
Microsoft Visual Studio Solution File, Format Version 12.00
# Visual Studio Version 16
VisualStudioVersion = 16.0.29306.81
MinimumVisualStudioVersion = 10.0.40219.1
Project("{FAE04EC0-301F-11D3-BF4B-00C04F79EFBC}") = "Ejercicio 5", "Ejercicio 5\Ejercicio 5.csproj", "{2E76B6E1-0AE8-49AE-9019-D347D1533B2E}"
EndProject
Global
	GlobalSection(SolutionConfigurationPlatforms) = preSolution
		Debug|Any CPU = Debug|Any CPU
		Release|Any CPU = Release|Any CPU
	EndGlobalSection
	GlobalSection(ProjectConfigurationPlatforms) = postSolution
		{2E76B6E1-0AE8-49AE-9019-D347D1533B2E}.Debug|Any CPU.ActiveCfg = Debug|Any CPU
		{2E76B6E1-0AE8-49AE-9019-D347D1533B2E}.Debug|Any CPU.Build.0 = Debug|Any CPU
		{2E76B6E1-0AE8-49AE-9019-D347D1533B2E}.Release|Any CPU.ActiveCfg = Release|Any CPU
		{2E76B6E1-0AE8-49AE-9019-D347D1533B2E}.Release|Any CPU.Build.0 = Release|Any CPU
	EndGlobalSection
	GlobalSection(SolutionProperties) = preSolution
		HideSolutionNode = FALSE
	EndGlobalSection
	GlobalSection(ExtensibilityGlobals) = postSolution
		SolutionGuid = {32FC1593-94FA-432C-9E58-FA49A3818E92}
	EndGlobalSection
EndGlobal
