
Microsoft Visual Studio Solution File, Format Version 12.00
# Visual Studio Version 16
VisualStudioVersion = 16.0.29306.81
MinimumVisualStudioVersion = 10.0.40219.1
Project("{FAE04EC0-301F-11D3-BF4B-00C04F79EFBC}") = "FilesEjercicio3", "FilesEjercicio3\FilesEjercicio3.csproj", "{D6FA05B1-48DA-487D-9B55-586604C6414E}"
EndProject
Global
	GlobalSection(SolutionConfigurationPlatforms) = preSolution
		Debug|Any CPU = Debug|Any CPU
		Release|Any CPU = Release|Any CPU
	EndGlobalSection
	GlobalSection(ProjectConfigurationPlatforms) = postSolution
		{D6FA05B1-48DA-487D-9B55-586604C6414E}.Debug|Any CPU.ActiveCfg = Debug|Any CPU
		{D6FA05B1-48DA-487D-9B55-586604C6414E}.Debug|Any CPU.Build.0 = Debug|Any CPU
		{D6FA05B1-48DA-487D-9B55-586604C6414E}.Release|Any CPU.ActiveCfg = Release|Any CPU
		{D6FA05B1-48DA-487D-9B55-586604C6414E}.Release|Any CPU.Build.0 = Release|Any CPU
	EndGlobalSection
	GlobalSection(SolutionProperties) = preSolution
		HideSolutionNode = FALSE
	EndGlobalSection
	GlobalSection(ExtensibilityGlobals) = postSolution
		SolutionGuid = {DA5010BD-D3F9-4299-8055-46949147957B}
	EndGlobalSection
EndGlobal
