
Microsoft Visual Studio Solution File, Format Version 12.00
# Visual Studio Version 16
VisualStudioVersion = 16.0.29306.81
MinimumVisualStudioVersion = 10.0.40219.1
Project("{FAE04EC0-301F-11D3-BF4B-00C04F79EFBC}") = "ReproductorMultimedia", "ReproductorMultimedia\ReproductorMultimedia.csproj", "{4A0EE655-4872-4B65-A670-30399B59573D}"
EndProject
Project("{FAE04EC0-301F-11D3-BF4B-00C04F79EFBC}") = "PruebaReproductor", "PruebaReproductor\PruebaReproductor.csproj", "{C0B47C5C-1938-44AF-BAB7-7888C0D58F96}"
EndProject
Global
	GlobalSection(SolutionConfigurationPlatforms) = preSolution
		Debug|Any CPU = Debug|Any CPU
		Release|Any CPU = Release|Any CPU
	EndGlobalSection
	GlobalSection(ProjectConfigurationPlatforms) = postSolution
		{4A0EE655-4872-4B65-A670-30399B59573D}.Debug|Any CPU.ActiveCfg = Debug|Any CPU
		{4A0EE655-4872-4B65-A670-30399B59573D}.Debug|Any CPU.Build.0 = Debug|Any CPU
		{4A0EE655-4872-4B65-A670-30399B59573D}.Release|Any CPU.ActiveCfg = Release|Any CPU
		{4A0EE655-4872-4B65-A670-30399B59573D}.Release|Any CPU.Build.0 = Release|Any CPU
		{C0B47C5C-1938-44AF-BAB7-7888C0D58F96}.Debug|Any CPU.ActiveCfg = Debug|Any CPU
		{C0B47C5C-1938-44AF-BAB7-7888C0D58F96}.Debug|Any CPU.Build.0 = Debug|Any CPU
		{C0B47C5C-1938-44AF-BAB7-7888C0D58F96}.Release|Any CPU.ActiveCfg = Release|Any CPU
		{C0B47C5C-1938-44AF-BAB7-7888C0D58F96}.Release|Any CPU.Build.0 = Release|Any CPU
	EndGlobalSection
	GlobalSection(SolutionProperties) = preSolution
		HideSolutionNode = FALSE
	EndGlobalSection
	GlobalSection(ExtensibilityGlobals) = postSolution
		SolutionGuid = {8C4F36C7-0374-412E-A047-EADF40E660A1}
	EndGlobalSection
EndGlobal
