
Microsoft Visual Studio Solution File, Format Version 12.00
# Visual Studio Version 16
VisualStudioVersion = 16.0.29306.81
MinimumVisualStudioVersion = 10.0.40219.1
Project("{FAE04EC0-301F-11D3-BF4B-00C04F79EFBC}") = "Ejercicio 2", "Ejercicio 2\Ejercicio 2.csproj", "{88836D19-875F-4F49-805B-07E36E84BDC2}"
EndProject
Global
	GlobalSection(SolutionConfigurationPlatforms) = preSolution
		Debug|Any CPU = Debug|Any CPU
		Release|Any CPU = Release|Any CPU
	EndGlobalSection
	GlobalSection(ProjectConfigurationPlatforms) = postSolution
		{88836D19-875F-4F49-805B-07E36E84BDC2}.Debug|Any CPU.ActiveCfg = Debug|Any CPU
		{88836D19-875F-4F49-805B-07E36E84BDC2}.Debug|Any CPU.Build.0 = Debug|Any CPU
		{88836D19-875F-4F49-805B-07E36E84BDC2}.Release|Any CPU.ActiveCfg = Release|Any CPU
		{88836D19-875F-4F49-805B-07E36E84BDC2}.Release|Any CPU.Build.0 = Release|Any CPU
	EndGlobalSection
	GlobalSection(SolutionProperties) = preSolution
		HideSolutionNode = FALSE
	EndGlobalSection
	GlobalSection(ExtensibilityGlobals) = postSolution
		SolutionGuid = {3C528A16-11D5-4847-9877-200481BFB7A4}
	EndGlobalSection
EndGlobal
