
Microsoft Visual Studio Solution File, Format Version 12.00
# Visual Studio Version 16
VisualStudioVersion = 16.0.29306.81
MinimumVisualStudioVersion = 10.0.40219.1
Project("{FAE04EC0-301F-11D3-BF4B-00C04F79EFBC}") = "Tema4Ejercicio2", "Tema4Ejercicio2\Tema4Ejercicio2.csproj", "{5D271CB9-0BF9-4426-8785-2DB4D4AF1839}"
EndProject
Global
	GlobalSection(SolutionConfigurationPlatforms) = preSolution
		Debug|Any CPU = Debug|Any CPU
		Release|Any CPU = Release|Any CPU
	EndGlobalSection
	GlobalSection(ProjectConfigurationPlatforms) = postSolution
		{5D271CB9-0BF9-4426-8785-2DB4D4AF1839}.Debug|Any CPU.ActiveCfg = Debug|Any CPU
		{5D271CB9-0BF9-4426-8785-2DB4D4AF1839}.Debug|Any CPU.Build.0 = Debug|Any CPU
		{5D271CB9-0BF9-4426-8785-2DB4D4AF1839}.Release|Any CPU.ActiveCfg = Release|Any CPU
		{5D271CB9-0BF9-4426-8785-2DB4D4AF1839}.Release|Any CPU.Build.0 = Release|Any CPU
	EndGlobalSection
	GlobalSection(SolutionProperties) = preSolution
		HideSolutionNode = FALSE
	EndGlobalSection
	GlobalSection(ExtensibilityGlobals) = postSolution
		SolutionGuid = {DC8A913B-6238-4FE5-B5DD-AA1413C5212C}
	EndGlobalSection
EndGlobal
