
Microsoft Visual Studio Solution File, Format Version 12.00
# Visual Studio Version 16
VisualStudioVersion = 16.0.29306.81
MinimumVisualStudioVersion = 10.0.40219.1
Project("{FAE04EC0-301F-11D3-BF4B-00C04F79EFBC}") = "ListBox", "ListBox\ListBox.csproj", "{EE0DF77D-AAA8-4901-A090-45D778AC8556}"
EndProject
Global
	GlobalSection(SolutionConfigurationPlatforms) = preSolution
		Debug|Any CPU = Debug|Any CPU
		Release|Any CPU = Release|Any CPU
	EndGlobalSection
	GlobalSection(ProjectConfigurationPlatforms) = postSolution
		{EE0DF77D-AAA8-4901-A090-45D778AC8556}.Debug|Any CPU.ActiveCfg = Debug|Any CPU
		{EE0DF77D-AAA8-4901-A090-45D778AC8556}.Debug|Any CPU.Build.0 = Debug|Any CPU
		{EE0DF77D-AAA8-4901-A090-45D778AC8556}.Release|Any CPU.ActiveCfg = Release|Any CPU
		{EE0DF77D-AAA8-4901-A090-45D778AC8556}.Release|Any CPU.Build.0 = Release|Any CPU
	EndGlobalSection
	GlobalSection(SolutionProperties) = preSolution
		HideSolutionNode = FALSE
	EndGlobalSection
	GlobalSection(ExtensibilityGlobals) = postSolution
		SolutionGuid = {6BD1CBAD-CFB1-44AC-88E2-217865D5DCF6}
	EndGlobalSection
EndGlobal
